
Microsoft Visual Studio Solution File, Format Version 12.00
# Visual Studio Version 17
VisualStudioVersion = 17.10.34916.146
MinimumVisualStudioVersion = 10.0.40219.1
Project("{9A19103F-16F7-4668-BE54-9A1E7A4F7556}") = "LinqApp", "LinqApp\LinqApp.csproj", "{0C96E458-1100-41FD-901C-F11432223ACD}"
EndProject
Project("{FAE04EC0-301F-11D3-BF4B-00C04F79EFBC}") = "NorthwindLinqSample", "NorthwindLinqSample\NorthwindLinqSample.csproj", "{241F0202-A738-49D9-BCC4-104A95AB8190}"
EndProject
Global
	GlobalSection(SolutionConfigurationPlatforms) = preSolution
		Debug|Any CPU = Debug|Any CPU
		Release|Any CPU = Release|Any CPU
	EndGlobalSection
	GlobalSection(ProjectConfigurationPlatforms) = postSolution
		{0C96E458-1100-41FD-901C-F11432223ACD}.Debug|Any CPU.ActiveCfg = Debug|Any CPU
		{0C96E458-1100-41FD-901C-F11432223ACD}.Debug|Any CPU.Build.0 = Debug|Any CPU
		{0C96E458-1100-41FD-901C-F11432223ACD}.Release|Any CPU.ActiveCfg = Release|Any CPU
		{0C96E458-1100-41FD-901C-F11432223ACD}.Release|Any CPU.Build.0 = Release|Any CPU
		{241F0202-A738-49D9-BCC4-104A95AB8190}.Debug|Any CPU.ActiveCfg = Debug|Any CPU
		{241F0202-A738-49D9-BCC4-104A95AB8190}.Debug|Any CPU.Build.0 = Debug|Any CPU
		{241F0202-A738-49D9-BCC4-104A95AB8190}.Release|Any CPU.ActiveCfg = Release|Any CPU
		{241F0202-A738-49D9-BCC4-104A95AB8190}.Release|Any CPU.Build.0 = Release|Any CPU
	EndGlobalSection
	GlobalSection(SolutionProperties) = preSolution
		HideSolutionNode = FALSE
	EndGlobalSection
	GlobalSection(ExtensibilityGlobals) = postSolution
		SolutionGuid = {6868AF8A-5B9D-4DEB-81D5-33675BE1C825}
	EndGlobalSection
EndGlobal
